{
  "name": "eoreader5",
  "version": "0.1.0",
  "lockfileVersion": 3,
  "requires": true,
  "packages": {
    "": {
      "name": "eoreader5",
      "version": "0.1.0",
      "workspaces": [
        "packages/*"
      ]
    },
    "node_modules/@eoreader/compat-4.2": {
      "resolved": "packages/compat-4.2",
      "link": true
    },
    "node_modules/@eoreader/conformance": {
      "resolved": "packages/conformance",
      "link": true
    },
    "node_modules/@eoreader/engine": {
      "resolved": "packages/engine",
      "link": true
    },
    "node_modules/@eoreader/spec": {
      "resolved": "packages/spec",
      "link": true
    },
    "packages/compat-4.2": {
      "name": "@eoreader/compat-4.2",
      "version": "0.1.0",
      "dependencies": {
        "@eoreader/spec": "0.1.0"
      }
    },
    "packages/conformance": {
      "name": "@eoreader/conformance",
      "version": "0.1.0"
    },
    "packages/engine": {
      "name": "@eoreader/engine",
      "version": "0.1.0",
      "dependencies": {
        "@eoreader/spec": "*"
      }
    },
    "packages/spec": {
      "name": "@eoreader/spec",
      "version": "0.1.0"
    }
  }
}
